
Microsoft Visual Studio Solution File, Format Version 12.00
# Visual Studio 2013
VisualStudioVersion = 12.0.31101.0
MinimumVisualStudioVersion = 10.0.40219.1
Project("{FAE04EC0-301F-11D3-BF4B-00C04F79EFBC}") = "TwitterClientSample", "TwitterClientSample\TwitterClientSample\TwitterClientSample.csproj", "{B75C01FC-B9A9-4076-A3F5-BE420956E56A}"
EndProject
Project("{FAE04EC0-301F-11D3-BF4B-00C04F79EFBC}") = "TwitterClientSample.iOS", "TwitterClientSample\TwitterClientSample.iOS\TwitterClientSample.iOS.csproj", "{331613D9-B702-4F33-8B7E-1CE4C53A734D}"
EndProject
Project("{FAE04EC0-301F-11D3-BF4B-00C04F79EFBC}") = "TwitterClientSample.Droid", "TwitterClientSample\TwitterClientSample.Droid\TwitterClientSample.Droid.csproj", "{B91A9BCE-EC2C-4D16-80DB-FA63EE343ECE}"
EndProject
Project("{FAE04EC0-301F-11D3-BF4B-00C04F79EFBC}") = "TwitterClientSample.WinPhone", "TwitterClientSample\TwitterClientSample.WinPhone\TwitterClientSample.WinPhone.csproj", "{27EEFFC5-5B48-46BC-9B21-E4368DBA884E}"
EndProject
Global
	GlobalSection(SolutionConfigurationPlatforms) = preSolution
		Ad-Hoc|Any CPU = Ad-Hoc|Any CPU
		Ad-Hoc|ARM = Ad-Hoc|ARM
		Ad-Hoc|iPhone = Ad-Hoc|iPhone
		Ad-Hoc|iPhoneSimulator = Ad-Hoc|iPhoneSimulator
		Ad-Hoc|Mixed Platforms = Ad-Hoc|Mixed Platforms
		Ad-Hoc|x86 = Ad-Hoc|x86
		AppStore|Any CPU = AppStore|Any CPU
		AppStore|ARM = AppStore|ARM
		AppStore|iPhone = AppStore|iPhone
		AppStore|iPhoneSimulator = AppStore|iPhoneSimulator
		AppStore|Mixed Platforms = AppStore|Mixed Platforms
		AppStore|x86 = AppStore|x86
		Debug|Any CPU = Debug|Any CPU
		Debug|ARM = Debug|ARM
		Debug|iPhone = Debug|iPhone
		Debug|iPhoneSimulator = Debug|iPhoneSimulator
		Debug|Mixed Platforms = Debug|Mixed Platforms
		Debug|x86 = Debug|x86
		Release|Any CPU = Release|Any CPU
		Release|ARM = Release|ARM
		Release|iPhone = Release|iPhone
		Release|iPhoneSimulator = Release|iPhoneSimulator
		Release|Mixed Platforms = Release|Mixed Platforms
		Release|x86 = Release|x86
	EndGlobalSection
	GlobalSection(ProjectConfigurationPlatforms) = postSolution
		{B75C01FC-B9A9-4076-A3F5-BE420956E56A}.Ad-Hoc|Any CPU.ActiveCfg = Release|Any CPU
		{B75C01FC-B9A9-4076-A3F5-BE420956E56A}.Ad-Hoc|Any CPU.Build.0 = Release|Any CPU
		{B75C01FC-B9A9-4076-A3F5-BE420956E56A}.Ad-Hoc|ARM.ActiveCfg = Release|Any CPU
		{B75C01FC-B9A9-4076-A3F5-BE420956E56A}.Ad-Hoc|iPhone.ActiveCfg = Release|Any CPU
		{B75C01FC-B9A9-4076-A3F5-BE420956E56A}.Ad-Hoc|iPhoneSimulator.ActiveCfg = Release|Any CPU
		{B75C01FC-B9A9-4076-A3F5-BE420956E56A}.Ad-Hoc|Mixed Platforms.ActiveCfg = Release|Any CPU
		{B75C01FC-B9A9-4076-A3F5-BE420956E56A}.Ad-Hoc|Mixed Platforms.Build.0 = Release|Any CPU
		{B75C01FC-B9A9-4076-A3F5-BE420956E56A}.Ad-Hoc|x86.ActiveCfg = Release|Any CPU
		{B75C01FC-B9A9-4076-A3F5-BE420956E56A}.AppStore|Any CPU.ActiveCfg = Release|Any CPU
		{B75C01FC-B9A9-4076-A3F5-BE420956E56A}.AppStore|Any CPU.Build.0 = Release|Any CPU
		{B75C01FC-B9A9-4076-A3F5-BE420956E56A}.AppStore|ARM.ActiveCfg = Release|Any CPU
		{B75C01FC-B9A9-4076-A3F5-BE420956E56A}.AppStore|iPhone.ActiveCfg = Release|Any CPU
		{B75C01FC-B9A9-4076-A3F5-BE420956E56A}.AppStore|iPhoneSimulator.ActiveCfg = Release|Any CPU
		{B75C01FC-B9A9-4076-A3F5-BE420956E56A}.AppStore|Mixed Platforms.ActiveCfg = Release|Any CPU
		{B75C01FC-B9A9-4076-A3F5-BE420956E56A}.AppStore|Mixed Platforms.Build.0 = Release|Any CPU
		{B75C01FC-B9A9-4076-A3F5-BE420956E56A}.AppStore|x86.ActiveCfg = Release|Any CPU
		{B75C01FC-B9A9-4076-A3F5-BE420956E56A}.Debug|Any CPU.ActiveCfg = Debug|Any CPU
		{B75C01FC-B9A9-4076-A3F5-BE420956E56A}.Debug|Any CPU.Build.0 = Debug|Any CPU
		{B75C01FC-B9A9-4076-A3F5-BE420956E56A}.Debug|ARM.ActiveCfg = Debug|Any CPU
		{B75C01FC-B9A9-4076-A3F5-BE420956E56A}.Debug|iPhone.ActiveCfg = Debug|Any CPU
		{B75C01FC-B9A9-4076-A3F5-BE420956E56A}.Debug|iPhoneSimulator.ActiveCfg = Debug|Any CPU
		{B75C01FC-B9A9-4076-A3F5-BE420956E56A}.Debug|iPhoneSimulator.Build.0 = Debug|Any CPU
		{B75C01FC-B9A9-4076-A3F5-BE420956E56A}.Debug|Mixed Platforms.ActiveCfg = Debug|Any CPU
		{B75C01FC-B9A9-4076-A3F5-BE420956E56A}.Debug|Mixed Platforms.Build.0 = Debug|Any CPU
		{B75C01FC-B9A9-4076-A3F5-BE420956E56A}.Debug|x86.ActiveCfg = Debug|Any CPU
		{B75C01FC-B9A9-4076-A3F5-BE420956E56A}.Release|Any CPU.ActiveCfg = Release|Any CPU
		{B75C01FC-B9A9-4076-A3F5-BE420956E56A}.Release|Any CPU.Build.0 = Release|Any CPU
		{B75C01FC-B9A9-4076-A3F5-BE420956E56A}.Release|ARM.ActiveCfg = Release|Any CPU
		{B75C01FC-B9A9-4076-A3F5-BE420956E56A}.Release|iPhone.ActiveCfg = Release|Any CPU
		{B75C01FC-B9A9-4076-A3F5-BE420956E56A}.Release|iPhoneSimulator.ActiveCfg = Release|Any CPU
		{B75C01FC-B9A9-4076-A3F5-BE420956E56A}.Release|Mixed Platforms.ActiveCfg = Release|Any CPU
		{B75C01FC-B9A9-4076-A3F5-BE420956E56A}.Release|Mixed Platforms.Build.0 = Release|Any CPU
		{B75C01FC-B9A9-4076-A3F5-BE420956E56A}.Release|x86.ActiveCfg = Release|Any CPU
		{331613D9-B702-4F33-8B7E-1CE4C53A734D}.Ad-Hoc|Any CPU.ActiveCfg = Ad-Hoc|iPhone
		{331613D9-B702-4F33-8B7E-1CE4C53A734D}.Ad-Hoc|ARM.ActiveCfg = Ad-Hoc|iPhone
		{331613D9-B702-4F33-8B7E-1CE4C53A734D}.Ad-Hoc|iPhone.ActiveCfg = Ad-Hoc|iPhone
		{331613D9-B702-4F33-8B7E-1CE4C53A734D}.Ad-Hoc|iPhone.Build.0 = Ad-Hoc|iPhone
		{331613D9-B702-4F33-8B7E-1CE4C53A734D}.Ad-Hoc|iPhoneSimulator.ActiveCfg = Ad-Hoc|iPhoneSimulator
		{331613D9-B702-4F33-8B7E-1CE4C53A734D}.Ad-Hoc|iPhoneSimulator.Build.0 = Ad-Hoc|iPhoneSimulator
		{331613D9-B702-4F33-8B7E-1CE4C53A734D}.Ad-Hoc|Mixed Platforms.ActiveCfg = Ad-Hoc|iPhone
		{331613D9-B702-4F33-8B7E-1CE4C53A734D}.Ad-Hoc|Mixed Platforms.Build.0 = Ad-Hoc|iPhone
		{331613D9-B702-4F33-8B7E-1CE4C53A734D}.Ad-Hoc|x86.ActiveCfg = Ad-Hoc|iPhone
		{331613D9-B702-4F33-8B7E-1CE4C53A734D}.AppStore|Any CPU.ActiveCfg = AppStore|iPhone
		{331613D9-B702-4F33-8B7E-1CE4C53A734D}.AppStore|ARM.ActiveCfg = AppStore|iPhone
		{331613D9-B702-4F33-8B7E-1CE4C53A734D}.AppStore|iPhone.ActiveCfg = AppStore|iPhone
		{331613D9-B702-4F33-8B7E-1CE4C53A734D}.AppStore|iPhone.Build.0 = AppStore|iPhone
		{331613D9-B702-4F33-8B7E-1CE4C53A734D}.AppStore|iPhoneSimulator.ActiveCfg = AppStore|iPhoneSimulator
		{331613D9-B702-4F33-8B7E-1CE4C53A734D}.AppStore|iPhoneSimulator.Build.0 = AppStore|iPhoneSimulator
		{331613D9-B702-4F33-8B7E-1CE4C53A734D}.AppStore|Mixed Platforms.ActiveCfg = AppStore|iPhone
		{331613D9-B702-4F33-8B7E-1CE4C53A734D}.AppStore|Mixed Platforms.Build.0 = AppStore|iPhone
		{331613D9-B702-4F33-8B7E-1CE4C53A734D}.AppStore|x86.ActiveCfg = AppStore|iPhone
		{331613D9-B702-4F33-8B7E-1CE4C53A734D}.Debug|Any CPU.ActiveCfg = Debug|iPhoneSimulator
		{331613D9-B702-4F33-8B7E-1CE4C53A734D}.Debug|Any CPU.Build.0 = Debug|iPhoneSimulator
		{331613D9-B702-4F33-8B7E-1CE4C53A734D}.Debug|ARM.ActiveCfg = Debug|iPhone
		{331613D9-B702-4F33-8B7E-1CE4C53A734D}.Debug|iPhone.ActiveCfg = Debug|iPhone
		{331613D9-B702-4F33-8B7E-1CE4C53A734D}.Debug|iPhone.Build.0 = Debug|iPhone
		{331613D9-B702-4F33-8B7E-1CE4C53A734D}.Debug|iPhoneSimulator.ActiveCfg = Debug|iPhoneSimulator
		{331613D9-B702-4F33-8B7E-1CE4C53A734D}.Debug|iPhoneSimulator.Build.0 = Debug|iPhoneSimulator
		{331613D9-B702-4F33-8B7E-1CE4C53A734D}.Debug|Mixed Platforms.ActiveCfg = Debug|iPhone
		{331613D9-B702-4F33-8B7E-1CE4C53A734D}.Debug|Mixed Platforms.Build.0 = Debug|iPhone
		{331613D9-B702-4F33-8B7E-1CE4C53A734D}.Debug|x86.ActiveCfg = Debug|iPhone
		{331613D9-B702-4F33-8B7E-1CE4C53A734D}.Release|Any CPU.ActiveCfg = Release|iPhone
		{331613D9-B702-4F33-8B7E-1CE4C53A734D}.Release|ARM.ActiveCfg = Release|iPhone
		{331613D9-B702-4F33-8B7E-1CE4C53A734D}.Release|iPhone.ActiveCfg = Release|iPhone
		{331613D9-B702-4F33-8B7E-1CE4C53A734D}.Release|iPhone.Build.0 = Release|iPhone
		{331613D9-B702-4F33-8B7E-1CE4C53A734D}.Release|iPhoneSimulator.ActiveCfg = Release|iPhoneSimulator
		{331613D9-B702-4F33-8B7E-1CE4C53A734D}.Release|iPhoneSimulator.Build.0 = Release|iPhoneSimulator
		{331613D9-B702-4F33-8B7E-1CE4C53A734D}.Release|Mixed Platforms.ActiveCfg = Release|iPhone
		{331613D9-B702-4F33-8B7E-1CE4C53A734D}.Release|Mixed Platforms.Build.0 = Release|iPhone
		{331613D9-B702-4F33-8B7E-1CE4C53A734D}.Release|x86.ActiveCfg = Release|iPhone
		{B91A9BCE-EC2C-4D16-80DB-FA63EE343ECE}.Ad-Hoc|Any CPU.ActiveCfg = Release|Any CPU
		{B91A9BCE-EC2C-4D16-80DB-FA63EE343ECE}.Ad-Hoc|Any CPU.Build.0 = Release|Any CPU
		{B91A9BCE-EC2C-4D16-80DB-FA63EE343ECE}.Ad-Hoc|Any CPU.Deploy.0 = Release|Any CPU
		{B91A9BCE-EC2C-4D16-80DB-FA63EE343ECE}.Ad-Hoc|ARM.ActiveCfg = Release|Any CPU
		{B91A9BCE-EC2C-4D16-80DB-FA63EE343ECE}.Ad-Hoc|iPhone.ActiveCfg = Release|Any CPU
		{B91A9BCE-EC2C-4D16-80DB-FA63EE343ECE}.Ad-Hoc|iPhoneSimulator.ActiveCfg = Release|Any CPU
		{B91A9BCE-EC2C-4D16-80DB-FA63EE343ECE}.Ad-Hoc|Mixed Platforms.ActiveCfg = Release|Any CPU
		{B91A9BCE-EC2C-4D16-80DB-FA63EE343ECE}.Ad-Hoc|Mixed Platforms.Build.0 = Release|Any CPU
		{B91A9BCE-EC2C-4D16-80DB-FA63EE343ECE}.Ad-Hoc|Mixed Platforms.Deploy.0 = Release|Any CPU
		{B91A9BCE-EC2C-4D16-80DB-FA63EE343ECE}.Ad-Hoc|x86.ActiveCfg = Release|Any CPU
		{B91A9BCE-EC2C-4D16-80DB-FA63EE343ECE}.AppStore|Any CPU.ActiveCfg = Release|Any CPU
		{B91A9BCE-EC2C-4D16-80DB-FA63EE343ECE}.AppStore|Any CPU.Build.0 = Release|Any CPU
		{B91A9BCE-EC2C-4D16-80DB-FA63EE343ECE}.AppStore|Any CPU.Deploy.0 = Release|Any CPU
		{B91A9BCE-EC2C-4D16-80DB-FA63EE343ECE}.AppStore|ARM.ActiveCfg = Release|Any CPU
		{B91A9BCE-EC2C-4D16-80DB-FA63EE343ECE}.AppStore|iPhone.ActiveCfg = Release|Any CPU
		{B91A9BCE-EC2C-4D16-80DB-FA63EE343ECE}.AppStore|iPhoneSimulator.ActiveCfg = Release|Any CPU
		{B91A9BCE-EC2C-4D16-80DB-FA63EE343ECE}.AppStore|Mixed Platforms.ActiveCfg = Release|Any CPU
		{B91A9BCE-EC2C-4D16-80DB-FA63EE343ECE}.AppStore|Mixed Platforms.Build.0 = Release|Any CPU
		{B91A9BCE-EC2C-4D16-80DB-FA63EE343ECE}.AppStore|Mixed Platforms.Deploy.0 = Release|Any CPU
		{B91A9BCE-EC2C-4D16-80DB-FA63EE343ECE}.AppStore|x86.ActiveCfg = Release|Any CPU
		{B91A9BCE-EC2C-4D16-80DB-FA63EE343ECE}.Debug|Any CPU.ActiveCfg = Debug|Any CPU
		{B91A9BCE-EC2C-4D16-80DB-FA63EE343ECE}.Debug|Any CPU.Build.0 = Debug|Any CPU
		{B91A9BCE-EC2C-4D16-80DB-FA63EE343ECE}.Debug|Any CPU.Deploy.0 = Debug|Any CPU
		{B91A9BCE-EC2C-4D16-80DB-FA63EE343ECE}.Debug|ARM.ActiveCfg = Debug|Any CPU
		{B91A9BCE-EC2C-4D16-80DB-FA63EE343ECE}.Debug|iPhone.ActiveCfg = Debug|Any CPU
		{B91A9BCE-EC2C-4D16-80DB-FA63EE343ECE}.Debug|iPhoneSimulator.ActiveCfg = Debug|Any CPU
		{B91A9BCE-EC2C-4D16-80DB-FA63EE343ECE}.Debug|iPhoneSimulator.Build.0 = Debug|Any CPU
		{B91A9BCE-EC2C-4D16-80DB-FA63EE343ECE}.Debug|iPhoneSimulator.Deploy.0 = Debug|Any CPU
		{B91A9BCE-EC2C-4D16-80DB-FA63EE343ECE}.Debug|Mixed Platforms.ActiveCfg = Debug|Any CPU
		{B91A9BCE-EC2C-4D16-80DB-FA63EE343ECE}.Debug|Mixed Platforms.Build.0 = Debug|Any CPU
		{B91A9BCE-EC2C-4D16-80DB-FA63EE343ECE}.Debug|Mixed Platforms.Deploy.0 = Debug|Any CPU
		{B91A9BCE-EC2C-4D16-80DB-FA63EE343ECE}.Debug|x86.ActiveCfg = Debug|Any CPU
		{B91A9BCE-EC2C-4D16-80DB-FA63EE343ECE}.Release|Any CPU.ActiveCfg = Release|Any CPU
		{B91A9BCE-EC2C-4D16-80DB-FA63EE343ECE}.Release|Any CPU.Build.0 = Release|Any CPU
		{B91A9BCE-EC2C-4D16-80DB-FA63EE343ECE}.Release|Any CPU.Deploy.0 = Release|Any CPU
		{B91A9BCE-EC2C-4D16-80DB-FA63EE343ECE}.Release|ARM.ActiveCfg = Release|Any CPU
		{B91A9BCE-EC2C-4D16-80DB-FA63EE343ECE}.Release|iPhone.ActiveCfg = Release|Any CPU
		{B91A9BCE-EC2C-4D16-80DB-FA63EE343ECE}.Release|iPhoneSimulator.ActiveCfg = Release|Any CPU
		{B91A9BCE-EC2C-4D16-80DB-FA63EE343ECE}.Release|Mixed Platforms.ActiveCfg = Release|Any CPU
		{B91A9BCE-EC2C-4D16-80DB-FA63EE343ECE}.Release|Mixed Platforms.Build.0 = Release|Any CPU
		{B91A9BCE-EC2C-4D16-80DB-FA63EE343ECE}.Release|Mixed Platforms.Deploy.0 = Release|Any CPU
		{B91A9BCE-EC2C-4D16-80DB-FA63EE343ECE}.Release|x86.ActiveCfg = Release|Any CPU
		{27EEFFC5-5B48-46BC-9B21-E4368DBA884E}.Ad-Hoc|Any CPU.ActiveCfg = Release|Any CPU
		{27EEFFC5-5B48-46BC-9B21-E4368DBA884E}.Ad-Hoc|Any CPU.Build.0 = Release|Any CPU
		{27EEFFC5-5B48-46BC-9B21-E4368DBA884E}.Ad-Hoc|Any CPU.Deploy.0 = Release|Any CPU
		{27EEFFC5-5B48-46BC-9B21-E4368DBA884E}.Ad-Hoc|ARM.ActiveCfg = Release|ARM
		{27EEFFC5-5B48-46BC-9B21-E4368DBA884E}.Ad-Hoc|ARM.Build.0 = Release|ARM
		{27EEFFC5-5B48-46BC-9B21-E4368DBA884E}.Ad-Hoc|ARM.Deploy.0 = Release|ARM
		{27EEFFC5-5B48-46BC-9B21-E4368DBA884E}.Ad-Hoc|iPhone.ActiveCfg = Release|Any CPU
		{27EEFFC5-5B48-46BC-9B21-E4368DBA884E}.Ad-Hoc|iPhoneSimulator.ActiveCfg = Release|Any CPU
		{27EEFFC5-5B48-46BC-9B21-E4368DBA884E}.Ad-Hoc|Mixed Platforms.ActiveCfg = Release|x86
		{27EEFFC5-5B48-46BC-9B21-E4368DBA884E}.Ad-Hoc|Mixed Platforms.Build.0 = Release|x86
		{27EEFFC5-5B48-46BC-9B21-E4368DBA884E}.Ad-Hoc|Mixed Platforms.Deploy.0 = Release|x86
		{27EEFFC5-5B48-46BC-9B21-E4368DBA884E}.Ad-Hoc|x86.ActiveCfg = Release|x86
		{27EEFFC5-5B48-46BC-9B21-E4368DBA884E}.Ad-Hoc|x86.Build.0 = Release|x86
		{27EEFFC5-5B48-46BC-9B21-E4368DBA884E}.Ad-Hoc|x86.Deploy.0 = Release|x86
		{27EEFFC5-5B48-46BC-9B21-E4368DBA884E}.AppStore|Any CPU.ActiveCfg = Release|Any CPU
		{27EEFFC5-5B48-46BC-9B21-E4368DBA884E}.AppStore|Any CPU.Build.0 = Release|Any CPU
		{27EEFFC5-5B48-46BC-9B21-E4368DBA884E}.AppStore|Any CPU.Deploy.0 = Release|Any CPU
		{27EEFFC5-5B48-46BC-9B21-E4368DBA884E}.AppStore|ARM.ActiveCfg = Release|ARM
		{27EEFFC5-5B48-46BC-9B21-E4368DBA884E}.AppStore|ARM.Build.0 = Release|ARM
		{27EEFFC5-5B48-46BC-9B21-E4368DBA884E}.AppStore|ARM.Deploy.0 = Release|ARM
		{27EEFFC5-5B48-46BC-9B21-E4368DBA884E}.AppStore|iPhone.ActiveCfg = Release|Any CPU
		{27EEFFC5-5B48-46BC-9B21-E4368DBA884E}.AppStore|iPhoneSimulator.ActiveCfg = Release|Any CPU
		{27EEFFC5-5B48-46BC-9B21-E4368DBA884E}.AppStore|Mixed Platforms.ActiveCfg = Release|x86
		{27EEFFC5-5B48-46BC-9B21-E4368DBA884E}.AppStore|Mixed Platforms.Build.0 = Release|x86
		{27EEFFC5-5B48-46BC-9B21-E4368DBA884E}.AppStore|Mixed Platforms.Deploy.0 = Release|x86
		{27EEFFC5-5B48-46BC-9B21-E4368DBA884E}.AppStore|x86.ActiveCfg = Release|x86
		{27EEFFC5-5B48-46BC-9B21-E4368DBA884E}.AppStore|x86.Build.0 = Release|x86
		{27EEFFC5-5B48-46BC-9B21-E4368DBA884E}.AppStore|x86.Deploy.0 = Release|x86
		{27EEFFC5-5B48-46BC-9B21-E4368DBA884E}.Debug|Any CPU.ActiveCfg = Debug|Any CPU
		{27EEFFC5-5B48-46BC-9B21-E4368DBA884E}.Debug|Any CPU.Build.0 = Debug|Any CPU
		{27EEFFC5-5B48-46BC-9B21-E4368DBA884E}.Debug|Any CPU.Deploy.0 = Debug|Any CPU
		{27EEFFC5-5B48-46BC-9B21-E4368DBA884E}.Debug|ARM.ActiveCfg = Debug|ARM
		{27EEFFC5-5B48-46BC-9B21-E4368DBA884E}.Debug|ARM.Build.0 = Debug|ARM
		{27EEFFC5-5B48-46BC-9B21-E4368DBA884E}.Debug|ARM.Deploy.0 = Debug|ARM
		{27EEFFC5-5B48-46BC-9B21-E4368DBA884E}.Debug|iPhone.ActiveCfg = Debug|Any CPU
		{27EEFFC5-5B48-46BC-9B21-E4368DBA884E}.Debug|iPhoneSimulator.ActiveCfg = Debug|Any CPU
		{27EEFFC5-5B48-46BC-9B21-E4368DBA884E}.Debug|iPhoneSimulator.Build.0 = Debug|Any CPU
		{27EEFFC5-5B48-46BC-9B21-E4368DBA884E}.Debug|iPhoneSimulator.Deploy.0 = Debug|Any CPU
		{27EEFFC5-5B48-46BC-9B21-E4368DBA884E}.Debug|Mixed Platforms.ActiveCfg = Debug|x86
		{27EEFFC5-5B48-46BC-9B21-E4368DBA884E}.Debug|Mixed Platforms.Build.0 = Debug|x86
		{27EEFFC5-5B48-46BC-9B21-E4368DBA884E}.Debug|Mixed Platforms.Deploy.0 = Debug|x86
		{27EEFFC5-5B48-46BC-9B21-E4368DBA884E}.Debug|x86.ActiveCfg = Debug|x86
		{27EEFFC5-5B48-46BC-9B21-E4368DBA884E}.Debug|x86.Build.0 = Debug|x86
		{27EEFFC5-5B48-46BC-9B21-E4368DBA884E}.Debug|x86.Deploy.0 = Debug|x86
		{27EEFFC5-5B48-46BC-9B21-E4368DBA884E}.Release|Any CPU.ActiveCfg = Release|Any CPU
		{27EEFFC5-5B48-46BC-9B21-E4368DBA884E}.Release|Any CPU.Build.0 = Release|Any CPU
		{27EEFFC5-5B48-46BC-9B21-E4368DBA884E}.Release|Any CPU.Deploy.0 = Release|Any CPU
		{27EEFFC5-5B48-46BC-9B21-E4368DBA884E}.Release|ARM.ActiveCfg = Release|ARM
		{27EEFFC5-5B48-46BC-9B21-E4368DBA884E}.Release|ARM.Build.0 = Release|ARM
		{27EEFFC5-5B48-46BC-9B21-E4368DBA884E}.Release|ARM.Deploy.0 = Release|ARM
		{27EEFFC5-5B48-46BC-9B21-E4368DBA884E}.Release|iPhone.ActiveCfg = Release|Any CPU
		{27EEFFC5-5B48-46BC-9B21-E4368DBA884E}.Release|iPhoneSimulator.ActiveCfg = Release|Any CPU
		{27EEFFC5-5B48-46BC-9B21-E4368DBA884E}.Release|Mixed Platforms.ActiveCfg = Release|x86
		{27EEFFC5-5B48-46BC-9B21-E4368DBA884E}.Release|Mixed Platforms.Build.0 = Release|x86
		{27EEFFC5-5B48-46BC-9B21-E4368DBA884E}.Release|Mixed Platforms.Deploy.0 = Release|x86
		{27EEFFC5-5B48-46BC-9B21-E4368DBA884E}.Release|x86.ActiveCfg = Release|x86
		{27EEFFC5-5B48-46BC-9B21-E4368DBA884E}.Release|x86.Build.0 = Release|x86
		{27EEFFC5-5B48-46BC-9B21-E4368DBA884E}.Release|x86.Deploy.0 = Release|x86
	EndGlobalSection
	GlobalSection(SolutionProperties) = preSolution
		HideSolutionNode = FALSE
	EndGlobalSection
EndGlobal
